// !$*UTF8*$!
{
	archiveVersion = 1;
	classes = {
	};
	objectVersion = 50;
	objects = {

/* Begin PBXBuildFile section */
		3EB70CA426A9FF5200FBFD6A /* MealsListRepository.swift in Sources */ = {isa = PBXBuildFile; fileRef = 3EB70CA326A9FF5200FBFD6A /* MealsListRepository.swift */; };
		B5BBCADD26C59D2F00CD8510 /* MealsListCoordinator.swift in Sources */ = {isa = PBXBuildFile; fileRef = B5BBCADC26C59D2F00CD8510 /* MealsListCoordinator.swift */; };
		B5BBCAE026C59E9D00CD8510 /* Coordinator.swift in Sources */ = {isa = PBXBuildFile; fileRef = B5BBCADF26C59E9D00CD8510 /* Coordinator.swift */; };
		B5BBCAE226C5A13800CD8510 /* FoFiAppCoordinator.swift in Sources */ = {isa = PBXBuildFile; fileRef = B5BBCAE126C5A13800CD8510 /* FoFiAppCoordinator.swift */; };
		F5625B1E26A0B2DD008B8A1C /* MealsListView.swift in Sources */ = {isa = PBXBuildFile; fileRef = F5625B1D26A0B2DD008B8A1C /* MealsListView.swift */; };
		F5625B2026A0B2E8008B8A1C /* MealsListViewModel.swift in Sources */ = {isa = PBXBuildFile; fileRef = F5625B1F26A0B2E8008B8A1C /* MealsListViewModel.swift */; };
		F5625B2326A0B32F008B8A1C /* Meal.swift in Sources */ = {isa = PBXBuildFile; fileRef = F5625B2226A0B32F008B8A1C /* Meal.swift */; };
		F5625B2526A0B334008B8A1C /* Food.swift in Sources */ = {isa = PBXBuildFile; fileRef = F5625B2426A0B334008B8A1C /* Food.swift */; };
		F5625B2726A0B654008B8A1C /* Mocks.swift in Sources */ = {isa = PBXBuildFile; fileRef = F5625B2626A0B654008B8A1C /* Mocks.swift */; };
		F5625B2B26A0B7A3008B8A1C /* MealListItemView.swift in Sources */ = {isa = PBXBuildFile; fileRef = F5625B2A26A0B7A3008B8A1C /* MealListItemView.swift */; };
		F5994D5C26A0AE6A00B94F70 /* FoFiApp.swift in Sources */ = {isa = PBXBuildFile; fileRef = F5994D5B26A0AE6A00B94F70 /* FoFiApp.swift */; };
		F5994D6026A0AE6D00B94F70 /* Assets.xcassets in Resources */ = {isa = PBXBuildFile; fileRef = F5994D5F26A0AE6D00B94F70 /* Assets.xcassets */; };
		F5994D6E26A0AE6D00B94F70 /* FoFiTests.swift in Sources */ = {isa = PBXBuildFile; fileRef = F5994D6D26A0AE6D00B94F70 /* FoFiTests.swift */; };
		F5994D7926A0AE6D00B94F70 /* FoFiUITests.swift in Sources */ = {isa = PBXBuildFile; fileRef = F5994D7826A0AE6D00B94F70 /* FoFiUITests.swift */; };
/* End PBXBuildFile section */

/* Begin PBXContainerItemProxy section */
		F5994D6A26A0AE6D00B94F70 /* PBXContainerItemProxy */ = {
			isa = PBXContainerItemProxy;
			containerPortal = F5994D5026A0AE6A00B94F70 /* Project object */;
			proxyType = 1;
			remoteGlobalIDString = F5994D5726A0AE6A00B94F70;
			remoteInfo = FoFi;
		};
		F5994D7526A0AE6D00B94F70 /* PBXContainerItemProxy */ = {
			isa = PBXContainerItemProxy;
			containerPortal = F5994D5026A0AE6A00B94F70 /* Project object */;
			proxyType = 1;
			remoteGlobalIDString = F5994D5726A0AE6A00B94F70;
			remoteInfo = FoFi;
		};
/* End PBXContainerItemProxy section */

/* Begin PBXFileReference section */
		3EB70CA326A9FF5200FBFD6A /* MealsListRepository.swift */ = {isa = PBXFileReference; lastKnownFileType = sourcecode.swift; path = MealsListRepository.swift; sourceTree = "<group>"; };
		B5BBCADC26C59D2F00CD8510 /* MealsListCoordinator.swift */ = {isa = PBXFileReference; lastKnownFileType = sourcecode.swift; path = MealsListCoordinator.swift; sourceTree = "<group>"; };
		B5BBCADF26C59E9D00CD8510 /* Coordinator.swift */ = {isa = PBXFileReference; lastKnownFileType = sourcecode.swift; path = Coordinator.swift; sourceTree = "<group>"; };
		B5BBCAE126C5A13800CD8510 /* FoFiAppCoordinator.swift */ = {isa = PBXFileReference; lastKnownFileType = sourcecode.swift; path = FoFiAppCoordinator.swift; sourceTree = "<group>"; };
		F5625B1D26A0B2DD008B8A1C /* MealsListView.swift */ = {isa = PBXFileReference; lastKnownFileType = sourcecode.swift; path = MealsListView.swift; sourceTree = "<group>"; };
		F5625B1F26A0B2E8008B8A1C /* MealsListViewModel.swift */ = {isa = PBXFileReference; lastKnownFileType = sourcecode.swift; path = MealsListViewModel.swift; sourceTree = "<group>"; };
		F5625B2226A0B32F008B8A1C /* Meal.swift */ = {isa = PBXFileReference; lastKnownFileType = sourcecode.swift; path = Meal.swift; sourceTree = "<group>"; };
		F5625B2426A0B334008B8A1C /* Food.swift */ = {isa = PBXFileReference; lastKnownFileType = sourcecode.swift; path = Food.swift; sourceTree = "<group>"; };
		F5625B2626A0B654008B8A1C /* Mocks.swift */ = {isa = PBXFileReference; lastKnownFileType = sourcecode.swift; path = Mocks.swift; sourceTree = "<group>"; };
		F5625B2A26A0B7A3008B8A1C /* MealListItemView.swift */ = {isa = PBXFileReference; lastKnownFileType = sourcecode.swift; path = MealListItemView.swift; sourceTree = "<group>"; };
		F5994D5826A0AE6A00B94F70 /* FoFi.app */ = {isa = PBXFileReference; explicitFileType = wrapper.application; includeInIndex = 0; path = FoFi.app; sourceTree = BUILT_PRODUCTS_DIR; };
		F5994D5B26A0AE6A00B94F70 /* FoFiApp.swift */ = {isa = PBXFileReference; lastKnownFileType = sourcecode.swift; path = FoFiApp.swift; sourceTree = "<group>"; };
		F5994D5F26A0AE6D00B94F70 /* Assets.xcassets */ = {isa = PBXFileReference; lastKnownFileType = folder.assetcatalog; path = Assets.xcassets; sourceTree = "<group>"; };
		F5994D6426A0AE6D00B94F70 /* Info.plist */ = {isa = PBXFileReference; lastKnownFileType = text.plist.xml; path = Info.plist; sourceTree = "<group>"; };
		F5994D6926A0AE6D00B94F70 /* FoFiTests.xctest */ = {isa = PBXFileReference; explicitFileType = wrapper.cfbundle; includeInIndex = 0; path = FoFiTests.xctest; sourceTree = BUILT_PRODUCTS_DIR; };
		F5994D6D26A0AE6D00B94F70 /* FoFiTests.swift */ = {isa = PBXFileReference; lastKnownFileType = sourcecode.swift; path = FoFiTests.swift; sourceTree = "<group>"; };
		F5994D6F26A0AE6D00B94F70 /* Info.plist */ = {isa = PBXFileReference; lastKnownFileType = text.plist.xml; path = Info.plist; sourceTree = "<group>"; };
		F5994D7426A0AE6D00B94F70 /* FoFiUITests.xctest */ = {isa = PBXFileReference; explicitFileType = wrapper.cfbundle; includeInIndex = 0; path = FoFiUITests.xctest; sourceTree = BUILT_PRODUCTS_DIR; };
		F5994D7826A0AE6D00B94F70 /* FoFiUITests.swift */ = {isa = PBXFileReference; lastKnownFileType = sourcecode.swift; path = FoFiUITests.swift; sourceTree = "<group>"; };
		F5994D7A26A0AE6D00B94F70 /* Info.plist */ = {isa = PBXFileReference; lastKnownFileType = text.plist.xml; path = Info.plist; sourceTree = "<group>"; };
/* End PBXFileReference section */

/* Begin PBXFrameworksBuildPhase section */
		F5994D5526A0AE6A00B94F70 /* Frameworks */ = {
			isa = PBXFrameworksBuildPhase;
			buildActionMask = 2147483647;
			files = (
			);
			runOnlyForDeploymentPostprocessing = 0;
		};
		F5994D6626A0AE6D00B94F70 /* Frameworks */ = {
			isa = PBXFrameworksBuildPhase;
			buildActionMask = 2147483647;
			files = (
			);
			runOnlyForDeploymentPostprocessing = 0;
		};
		F5994D7126A0AE6D00B94F70 /* Frameworks */ = {
			isa = PBXFrameworksBuildPhase;
			buildActionMask = 2147483647;
			files = (
			);
			runOnlyForDeploymentPostprocessing = 0;
		};
/* End PBXFrameworksBuildPhase section */

/* Begin PBXGroup section */
		3EB70C9926A9ECBF00FBFD6A /* App */ = {
			isa = PBXGroup;
			children = (
				F5994D5B26A0AE6A00B94F70 /* FoFiApp.swift */,
				B5BBCAE126C5A13800CD8510 /* FoFiAppCoordinator.swift */,
			);
			path = App;
			sourceTree = "<group>";
		};
		3EB70C9D26A9EE1700FBFD6A /* Shared */ = {
			isa = PBXGroup;
			children = (
				B5BBCADF26C59E9D00CD8510 /* Coordinator.swift */,
			);
			path = Shared;
			sourceTree = "<group>";
		};
		3EB70C9E26A9EE8400FBFD6A /* Resources */ = {
			isa = PBXGroup;
			children = (
				F5994D5F26A0AE6D00B94F70 /* Assets.xcassets */,
				F5994D6426A0AE6D00B94F70 /* Info.plist */,
			);
			path = Resources;
			sourceTree = "<group>";
		};
		3EB70CA026A9F06400FBFD6A /* API */ = {
			isa = PBXGroup;
			children = (
				F5625B2126A0B316008B8A1C /* Models */,
			);
			path = API;
			sourceTree = "<group>";
		};
		F5625B1926A0B28A008B8A1C /* Features */ = {
			isa = PBXGroup;
			children = (
				3EB70C9926A9ECBF00FBFD6A /* App */,
				F5625B1A26A0B2AF008B8A1C /* MealsList */,
				3EB70C9D26A9EE1700FBFD6A /* Shared */,
			);
			path = Features;
			sourceTree = "<group>";
		};
		F5625B1A26A0B2AF008B8A1C /* MealsList */ = {
			isa = PBXGroup;
			children = (
				F5625B2A26A0B7A3008B8A1C /* MealListItemView.swift */,
				F5625B1D26A0B2DD008B8A1C /* MealsListView.swift */,
				F5625B1F26A0B2E8008B8A1C /* MealsListViewModel.swift */,
				3EB70CA326A9FF5200FBFD6A /* MealsListRepository.swift */,
				B5BBCADC26C59D2F00CD8510 /* MealsListCoordinator.swift */,
			);
			path = MealsList;
			sourceTree = "<group>";
		};
		F5625B2126A0B316008B8A1C /* Models */ = {
			isa = PBXGroup;
			children = (
				F5625B2226A0B32F008B8A1C /* Meal.swift */,
				F5625B2426A0B334008B8A1C /* Food.swift */,
				F5625B2626A0B654008B8A1C /* Mocks.swift */,
			);
			path = Models;
			sourceTree = "<group>";
		};
		F5994D4F26A0AE6A00B94F70 = {
			isa = PBXGroup;
			children = (
				F5994D5A26A0AE6A00B94F70 /* FoFi */,
				F5994D6C26A0AE6D00B94F70 /* FoFiTests */,
				F5994D7726A0AE6D00B94F70 /* FoFiUITests */,
				F5994D5926A0AE6A00B94F70 /* Products */,
			);
			sourceTree = "<group>";
		};
		F5994D5926A0AE6A00B94F70 /* Products */ = {
			isa = PBXGroup;
			children = (
				F5994D5826A0AE6A00B94F70 /* FoFi.app */,
				F5994D6926A0AE6D00B94F70 /* FoFiTests.xctest */,
				F5994D7426A0AE6D00B94F70 /* FoFiUITests.xctest */,
			);
			name = Products;
			sourceTree = "<group>";
		};
		F5994D5A26A0AE6A00B94F70 /* FoFi */ = {
			isa = PBXGroup;
			children = (
				3EB70CA026A9F06400FBFD6A /* API */,
				F5625B1926A0B28A008B8A1C /* Features */,
				3EB70C9E26A9EE8400FBFD6A /* Resources */,
			);
			path = FoFi;
			sourceTree = "<group>";
		};
		F5994D6C26A0AE6D00B94F70 /* FoFiTests */ = {
			isa = PBXGroup;
			children = (
				F5994D6D26A0AE6D00B94F70 /* FoFiTests.swift */,
				F5994D6F26A0AE6D00B94F70 /* Info.plist */,
			);
			path = FoFiTests;
			sourceTree = "<group>";
		};
		F5994D7726A0AE6D00B94F70 /* FoFiUITests */ = {
			isa = PBXGroup;
			children = (
				F5994D7826A0AE6D00B94F70 /* FoFiUITests.swift */,
				F5994D7A26A0AE6D00B94F70 /* Info.plist */,
			);
			path = FoFiUITests;
			sourceTree = "<group>";
		};
/* End PBXGroup section */

/* Begin PBXNativeTarget section */
		F5994D5726A0AE6A00B94F70 /* FoFi */ = {
			isa = PBXNativeTarget;
			buildConfigurationList = F5994D7D26A0AE6D00B94F70 /* Build configuration list for PBXNativeTarget "FoFi" */;
			buildPhases = (
				F5994D5426A0AE6A00B94F70 /* Sources */,
				F5994D5526A0AE6A00B94F70 /* Frameworks */,
				F5994D5626A0AE6A00B94F70 /* Resources */,
			);
			buildRules = (
			);
			dependencies = (
			);
			name = FoFi;
			productName = FoFi;
			productReference = F5994D5826A0AE6A00B94F70 /* FoFi.app */;
			productType = "com.apple.product-type.application";
		};
		F5994D6826A0AE6D00B94F70 /* FoFiTests */ = {
			isa = PBXNativeTarget;
			buildConfigurationList = F5994D8026A0AE6D00B94F70 /* Build configuration list for PBXNativeTarget "FoFiTests" */;
			buildPhases = (
				F5994D6526A0AE6D00B94F70 /* Sources */,
				F5994D6626A0AE6D00B94F70 /* Frameworks */,
				F5994D6726A0AE6D00B94F70 /* Resources */,
			);
			buildRules = (
			);
			dependencies = (
				F5994D6B26A0AE6D00B94F70 /* PBXTargetDependency */,
			);
			name = FoFiTests;
			productName = FoFiTests;
			productReference = F5994D6926A0AE6D00B94F70 /* FoFiTests.xctest */;
			productType = "com.apple.product-type.bundle.unit-test";
		};
		F5994D7326A0AE6D00B94F70 /* FoFiUITests */ = {
			isa = PBXNativeTarget;
			buildConfigurationList = F5994D8326A0AE6D00B94F70 /* Build configuration list for PBXNativeTarget "FoFiUITests" */;
			buildPhases = (
				F5994D7026A0AE6D00B94F70 /* Sources */,
				F5994D7126A0AE6D00B94F70 /* Frameworks */,
				F5994D7226A0AE6D00B94F70 /* Resources */,
			);
			buildRules = (
			);
			dependencies = (
				F5994D7626A0AE6D00B94F70 /* PBXTargetDependency */,
			);
			name = FoFiUITests;
			productName = FoFiUITests;
			productReference = F5994D7426A0AE6D00B94F70 /* FoFiUITests.xctest */;
			productType = "com.apple.product-type.bundle.ui-testing";
		};
/* End PBXNativeTarget section */

/* Begin PBXProject section */
		F5994D5026A0AE6A00B94F70 /* Project object */ = {
			isa = PBXProject;
			attributes = {
				LastSwiftUpdateCheck = 1250;
				LastUpgradeCheck = 1250;
				TargetAttributes = {
					F5994D5726A0AE6A00B94F70 = {
						CreatedOnToolsVersion = 12.5.1;
					};
					F5994D6826A0AE6D00B94F70 = {
						CreatedOnToolsVersion = 12.5.1;
						TestTargetID = F5994D5726A0AE6A00B94F70;
					};
					F5994D7326A0AE6D00B94F70 = {
						CreatedOnToolsVersion = 12.5.1;
						TestTargetID = F5994D5726A0AE6A00B94F70;
					};
				};
			};
			buildConfigurationList = F5994D5326A0AE6A00B94F70 /* Build configuration list for PBXProject "FoFi" */;
			compatibilityVersion = "Xcode 9.3";
			developmentRegion = en;
			hasScannedForEncodings = 0;
			knownRegions = (
				en,
				Base,
			);
			mainGroup = F5994D4F26A0AE6A00B94F70;
			productRefGroup = F5994D5926A0AE6A00B94F70 /* Products */;
			projectDirPath = "";
			projectRoot = "";
			targets = (
				F5994D5726A0AE6A00B94F70 /* FoFi */,
				F5994D6826A0AE6D00B94F70 /* FoFiTests */,
				F5994D7326A0AE6D00B94F70 /* FoFiUITests */,
			);
		};
/* End PBXProject section */

/* Begin PBXResourcesBuildPhase section */
		F5994D5626A0AE6A00B94F70 /* Resources */ = {
			isa = PBXResourcesBuildPhase;
			buildActionMask = 2147483647;
			files = (
				F5994D6026A0AE6D00B94F70 /* Assets.xcassets in Resources */,
			);
			runOnlyForDeploymentPostprocessing = 0;
		};
		F5994D6726A0AE6D00B94F70 /* Resources */ = {
			isa = PBXResourcesBuildPhase;
			buildActionMask = 2147483647;
			files = (
			);
			runOnlyForDeploymentPostprocessing = 0;
		};
		F5994D7226A0AE6D00B94F70 /* Resources */ = {
			isa = PBXResourcesBuildPhase;
			buildActionMask = 2147483647;
			files = (
			);
			runOnlyForDeploymentPostprocessing = 0;
		};
/* End PBXResourcesBuildPhase section */

/* Begin PBXSourcesBuildPhase section */
		F5994D5426A0AE6A00B94F70 /* Sources */ = {
			isa = PBXSourcesBuildPhase;
			buildActionMask = 2147483647;
			files = (
				B5BBCAE226C5A13800CD8510 /* FoFiAppCoordinator.swift in Sources */,
				F5625B2326A0B32F008B8A1C /* Meal.swift in Sources */,
				F5625B2026A0B2E8008B8A1C /* MealsListViewModel.swift in Sources */,
				3EB70CA426A9FF5200FBFD6A /* MealsListRepository.swift in Sources */,
				F5994D5C26A0AE6A00B94F70 /* FoFiApp.swift in Sources */,
				B5BBCAE026C59E9D00CD8510 /* Coordinator.swift in Sources */,
				F5625B2726A0B654008B8A1C /* Mocks.swift in Sources */,
				F5625B1E26A0B2DD008B8A1C /* MealsListView.swift in Sources */,
				F5625B2B26A0B7A3008B8A1C /* MealListItemView.swift in Sources */,
				F5625B2526A0B334008B8A1C /* Food.swift in Sources */,
				B5BBCADD26C59D2F00CD8510 /* MealsListCoordinator.swift in Sources */,
			);
			runOnlyForDeploymentPostprocessing = 0;
		};
		F5994D6526A0AE6D00B94F70 /* Sources */ = {
			isa = PBXSourcesBuildPhase;
			buildActionMask = 2147483647;
			files = (
				F5994D6E26A0AE6D00B94F70 /* FoFiTests.swift in Sources */,
			);
			runOnlyForDeploymentPostprocessing = 0;
		};
		F5994D7026A0AE6D00B94F70 /* Sources */ = {
			isa = PBXSourcesBuildPhase;
			buildActionMask = 2147483647;
			files = (
				F5994D7926A0AE6D00B94F70 /* FoFiUITests.swift in Sources */,
			);
			runOnlyForDeploymentPostprocessing = 0;
		};
/* End PBXSourcesBuildPhase section */

/* Begin PBXTargetDependency section */
		F5994D6B26A0AE6D00B94F70 /* PBXTargetDependency */ = {
			isa = PBXTargetDependency;
			target = F5994D5726A0AE6A00B94F70 /* FoFi */;
			targetProxy = F5994D6A26A0AE6D00B94F70 /* PBXContainerItemProxy */;
		};
		F5994D7626A0AE6D00B94F70 /* PBXTargetDependency */ = {
			isa = PBXTargetDependency;
			target = F5994D5726A0AE6A00B94F70 /* FoFi */;
			targetProxy = F5994D7526A0AE6D00B94F70 /* PBXContainerItemProxy */;
		};
/* End PBXTargetDependency section */

/* Begin XCBuildConfiguration section */
		F5994D7B26A0AE6D00B94F70 /* Debug */ = {
			isa = XCBuildConfiguration;
			buildSettings = {
				ALWAYS_SEARCH_USER_PATHS = NO;
				CLANG_ANALYZER_NONNULL = YES;
				CLANG_ANALYZER_NUMBER_OBJECT_CONVERSION = YES_AGGRESSIVE;
				CLANG_CXX_LANGUAGE_STANDARD = "gnu++14";
				CLANG_CXX_LIBRARY = "libc++";
				CLANG_ENABLE_MODULES = YES;
				CLANG_ENABLE_OBJC_ARC = YES;
				CLANG_ENABLE_OBJC_WEAK = YES;
				CLANG_WARN_BLOCK_CAPTURE_AUTORELEASING = YES;
				CLANG_WARN_BOOL_CONVERSION = YES;
				CLANG_WARN_COMMA = YES;
				CLANG_WARN_CONSTANT_CONVERSION = YES;
				CLANG_WARN_DEPRECATED_OBJC_IMPLEMENTATIONS = YES;
				CLANG_WARN_DIRECT_OBJC_ISA_USAGE = YES_ERROR;
				CLANG_WARN_DOCUMENTATION_COMMENTS = YES;
				CLANG_WARN_EMPTY_BODY = YES;
				CLANG_WARN_ENUM_CONVERSION = YES;
				CLANG_WARN_INFINITE_RECURSION = YES;
				CLANG_WARN_INT_CONVERSION = YES;
				CLANG_WARN_NON_LITERAL_NULL_CONVERSION = YES;
				CLANG_WARN_OBJC_IMPLICIT_RETAIN_SELF = YES;
				CLANG_WARN_OBJC_LITERAL_CONVERSION = YES;
				CLANG_WARN_OBJC_ROOT_CLASS = YES_ERROR;
				CLANG_WARN_QUOTED_INCLUDE_IN_FRAMEWORK_HEADER = YES;
				CLANG_WARN_RANGE_LOOP_ANALYSIS = YES;
				CLANG_WARN_STRICT_PROTOTYPES = YES;
				CLANG_WARN_SUSPICIOUS_MOVE = YES;
				CLANG_WARN_UNGUARDED_AVAILABILITY = YES_AGGRESSIVE;
				CLANG_WARN_UNREACHABLE_CODE = YES;
				CLANG_WARN__DUPLICATE_METHOD_MATCH = YES;
				COPY_PHASE_STRIP = NO;
				DEBUG_INFORMATION_FORMAT = dwarf;
				ENABLE_STRICT_OBJC_MSGSEND = YES;
				ENABLE_TESTABILITY = YES;
				GCC_C_LANGUAGE_STANDARD = gnu11;
				GCC_DYNAMIC_NO_PIC = NO;
				GCC_NO_COMMON_BLOCKS = YES;
				GCC_OPTIMIZATION_LEVEL = 0;
				GCC_PREPROCESSOR_DEFINITIONS = (
					"DEBUG=1",
					"$(inherited)",
				);
				GCC_WARN_64_TO_32_BIT_CONVERSION = YES;
				GCC_WARN_ABOUT_RETURN_TYPE = YES_ERROR;
				GCC_WARN_UNDECLARED_SELECTOR = YES;
				GCC_WARN_UNINITIALIZED_AUTOS = YES_AGGRESSIVE;
				GCC_WARN_UNUSED_FUNCTION = YES;
				GCC_WARN_UNUSED_VARIABLE = YES;
				IPHONEOS_DEPLOYMENT_TARGET = 14.5;
				MTL_ENABLE_DEBUG_INFO = INCLUDE_SOURCE;
				MTL_FAST_MATH = YES;
				ONLY_ACTIVE_ARCH = YES;
				SDKROOT = iphoneos;
				SWIFT_ACTIVE_COMPILATION_CONDITIONS = DEBUG;
				SWIFT_OPTIMIZATION_LEVEL = "-Onone";
			};
			name = Debug;
		};
		F5994D7C26A0AE6D00B94F70 /* Release */ = {
			isa = XCBuildConfiguration;
			buildSettings = {
				ALWAYS_SEARCH_USER_PATHS = NO;
				CLANG_ANALYZER_NONNULL = YES;
				CLANG_ANALYZER_NUMBER_OBJECT_CONVERSION = YES_AGGRESSIVE;
				CLANG_CXX_LANGUAGE_STANDARD = "gnu++14";
				CLANG_CXX_LIBRARY = "libc++";
				CLANG_ENABLE_MODULES = YES;
				CLANG_ENABLE_OBJC_ARC = YES;
				CLANG_ENABLE_OBJC_WEAK = YES;
				CLANG_WARN_BLOCK_CAPTURE_AUTORELEASING = YES;
				CLANG_WARN_BOOL_CONVERSION = YES;
				CLANG_WARN_COMMA = YES;
				CLANG_WARN_CONSTANT_CONVERSION = YES;
				CLANG_WARN_DEPRECATED_OBJC_IMPLEMENTATIONS = YES;
				CLANG_WARN_DIRECT_OBJC_ISA_USAGE = YES_ERROR;
				CLANG_WARN_DOCUMENTATION_COMMENTS = YES;
				CLANG_WARN_EMPTY_BODY = YES;
				CLANG_WARN_ENUM_CONVERSION = YES;
				CLANG_WARN_INFINITE_RECURSION = YES;
				CLANG_WARN_INT_CONVERSION = YES;
				CLANG_WARN_NON_LITERAL_NULL_CONVERSION = YES;
				CLANG_WARN_OBJC_IMPLICIT_RETAIN_SELF = YES;
				CLANG_WARN_OBJC_LITERAL_CONVERSION = YES;
				CLANG_WARN_OBJC_ROOT_CLASS = YES_ERROR;
				CLANG_WARN_QUOTED_INCLUDE_IN_FRAMEWORK_HEADER = YES;
				CLANG_WARN_RANGE_LOOP_ANALYSIS = YES;
				CLANG_WARN_STRICT_PROTOTYPES = YES;
				CLANG_WARN_SUSPICIOUS_MOVE = YES;
				CLANG_WARN_UNGUARDED_AVAILABILITY = YES_AGGRESSIVE;
				CLANG_WARN_UNREACHABLE_CODE = YES;
				CLANG_WARN__DUPLICATE_METHOD_MATCH = YES;
				COPY_PHASE_STRIP = NO;
				DEBUG_INFORMATION_FORMAT = "dwarf-with-dsym";
				ENABLE_NS_ASSERTIONS = NO;
				ENABLE_STRICT_OBJC_MSGSEND = YES;
				GCC_C_LANGUAGE_STANDARD = gnu11;
				GCC_NO_COMMON_BLOCKS = YES;
				GCC_WARN_64_TO_32_BIT_CONVERSION = YES;
				GCC_WARN_ABOUT_RETURN_TYPE = YES_ERROR;
				GCC_WARN_UNDECLARED_SELECTOR = YES;
				GCC_WARN_UNINITIALIZED_AUTOS = YES_AGGRESSIVE;
				GCC_WARN_UNUSED_FUNCTION = YES;
				GCC_WARN_UNUSED_VARIABLE = YES;
				IPHONEOS_DEPLOYMENT_TARGET = 14.5;
				MTL_ENABLE_DEBUG_INFO = NO;
				MTL_FAST_MATH = YES;
				SDKROOT = iphoneos;
				SWIFT_COMPILATION_MODE = wholemodule;
				SWIFT_OPTIMIZATION_LEVEL = "-O";
				VALIDATE_PRODUCT = YES;
			};
			name = Release;
		};
		F5994D7E26A0AE6D00B94F70 /* Debug */ = {
			isa = XCBuildConfiguration;
			buildSettings = {
				ASSETCATALOG_COMPILER_APPICON_NAME = AppIcon;
				ASSETCATALOG_COMPILER_GLOBAL_ACCENT_COLOR_NAME = AccentColor;
				CODE_SIGN_STYLE = Automatic;
				DEVELOPMENT_TEAM = RAR5AATS55;
				ENABLE_PREVIEWS = YES;
				INFOPLIST_FILE = FoFi/Resources/Info.plist;
				IPHONEOS_DEPLOYMENT_TARGET = 14.0;
				LD_RUNPATH_SEARCH_PATHS = (
					"$(inherited)",
					"@executable_path/Frameworks",
				);
				PRODUCT_BUNDLE_IDENTIFIER = avenuecode.FoFi;
				PRODUCT_NAME = "$(TARGET_NAME)";
				SWIFT_VERSION = 5.0;
				TARGETED_DEVICE_FAMILY = "1,2";
			};
			name = Debug;
		};
		F5994D7F26A0AE6D00B94F70 /* Release */ = {
			isa = XCBuildConfiguration;
			buildSettings = {
				ASSETCATALOG_COMPILER_APPICON_NAME = AppIcon;
				ASSETCATALOG_COMPILER_GLOBAL_ACCENT_COLOR_NAME = AccentColor;
				CODE_SIGN_STYLE = Automatic;
				DEVELOPMENT_TEAM = RAR5AATS55;
				ENABLE_PREVIEWS = YES;
				INFOPLIST_FILE = FoFi/Resources/Info.plist;
				IPHONEOS_DEPLOYMENT_TARGET = 14.0;
				LD_RUNPATH_SEARCH_PATHS = (
					"$(inherited)",
					"@executable_path/Frameworks",
				);
				PRODUCT_BUNDLE_IDENTIFIER = avenuecode.FoFi;
				PRODUCT_NAME = "$(TARGET_NAME)";
				SWIFT_VERSION = 5.0;
				TARGETED_DEVICE_FAMILY = "1,2";
			};
			name = Release;
		};
		F5994D8126A0AE6D00B94F70 /* Debug */ = {
			isa = XCBuildConfiguration;
			buildSettings = {
				ALWAYS_EMBED_SWIFT_STANDARD_LIBRARIES = YES;
				BUNDLE_LOADER = "$(TEST_HOST)";
				CODE_SIGN_STYLE = Automatic;
				DEVELOPMENT_TEAM = RAR5AATS55;
				INFOPLIST_FILE = FoFiTests/Info.plist;
				IPHONEOS_DEPLOYMENT_TARGET = 14.0;
				LD_RUNPATH_SEARCH_PATHS = (
					"$(inherited)",
					"@executable_path/Frameworks",
					"@loader_path/Frameworks",
				);
				PRODUCT_BUNDLE_IDENTIFIER = avenuecode.FoFiTests;
				PRODUCT_NAME = "$(TARGET_NAME)";
				SWIFT_VERSION = 5.0;
				TARGETED_DEVICE_FAMILY = "1,2";
				TEST_HOST = "$(BUILT_PRODUCTS_DIR)/FoFi.app/FoFi";
			};
			name = Debug;
		};
		F5994D8226A0AE6D00B94F70 /* Release */ = {
			isa = XCBuildConfiguration;
			buildSettings = {
				ALWAYS_EMBED_SWIFT_STANDARD_LIBRARIES = YES;
				BUNDLE_LOADER = "$(TEST_HOST)";
				CODE_SIGN_STYLE = Automatic;
				DEVELOPMENT_TEAM = RAR5AATS55;
				INFOPLIST_FILE = FoFiTests/Info.plist;
				IPHONEOS_DEPLOYMENT_TARGET = 14.0;
				LD_RUNPATH_SEARCH_PATHS = (
					"$(inherited)",
					"@executable_path/Frameworks",
					"@loader_path/Frameworks",
				);
				PRODUCT_BUNDLE_IDENTIFIER = avenuecode.FoFiTests;
				PRODUCT_NAME = "$(TARGET_NAME)";
				SWIFT_VERSION = 5.0;
				TARGETED_DEVICE_FAMILY = "1,2";
				TEST_HOST = "$(BUILT_PRODUCTS_DIR)/FoFi.app/FoFi";
			};
			name = Release;
		};
		F5994D8426A0AE6D00B94F70 /* Debug */ = {
			isa = XCBuildConfiguration;
			buildSettings = {
				ALWAYS_EMBED_SWIFT_STANDARD_LIBRARIES = YES;
				CODE_SIGN_STYLE = Automatic;
				DEVELOPMENT_TEAM = RAR5AATS55;
				INFOPLIST_FILE = FoFiUITests/Info.plist;
				LD_RUNPATH_SEARCH_PATHS = (
					"$(inherited)",
					"@executable_path/Frameworks",
					"@loader_path/Frameworks",
				);
				PRODUCT_BUNDLE_IDENTIFIER = avenuecode.FoFiUITests;
				PRODUCT_NAME = "$(TARGET_NAME)";
				SWIFT_VERSION = 5.0;
				TARGETED_DEVICE_FAMILY = "1,2";
				TEST_TARGET_NAME = FoFi;
			};
			name = Debug;
		};
		F5994D8526A0AE6D00B94F70 /* Release */ = {
			isa = XCBuildConfiguration;
			buildSettings = {
				ALWAYS_EMBED_SWIFT_STANDARD_LIBRARIES = YES;
				CODE_SIGN_STYLE = Automatic;
				DEVELOPMENT_TEAM = RAR5AATS55;
				INFOPLIST_FILE = FoFiUITests/Info.plist;
				LD_RUNPATH_SEARCH_PATHS = (
					"$(inherited)",
					"@executable_path/Frameworks",
					"@loader_path/Frameworks",
				);
				PRODUCT_BUNDLE_IDENTIFIER = avenuecode.FoFiUITests;
				PRODUCT_NAME = "$(TARGET_NAME)";
				SWIFT_VERSION = 5.0;
				TARGETED_DEVICE_FAMILY = "1,2";
				TEST_TARGET_NAME = FoFi;
			};
			name = Release;
		};
/* End XCBuildConfiguration section */

/* Begin XCConfigurationList section */
		F5994D5326A0AE6A00B94F70 /* Build configuration list for PBXProject "FoFi" */ = {
			isa = XCConfigurationList;
			buildConfigurations = (
				F5994D7B26A0AE6D00B94F70 /* Debug */,
				F5994D7C26A0AE6D00B94F70 /* Release */,
			);
			defaultConfigurationIsVisible = 0;
			defaultConfigurationName = Release;
		};
		F5994D7D26A0AE6D00B94F70 /* Build configuration list for PBXNativeTarget "FoFi" */ = {
			isa = XCConfigurationList;
			buildConfigurations = (
				F5994D7E26A0AE6D00B94F70 /* Debug */,
				F5994D7F26A0AE6D00B94F70 /* Release */,
			);
			defaultConfigurationIsVisible = 0;
			defaultConfigurationName = Release;
		};
		F5994D8026A0AE6D00B94F70 /* Build configuration list for PBXNativeTarget "FoFiTests" */ = {
			isa = XCConfigurationList;
			buildConfigurations = (
				F5994D8126A0AE6D00B94F70 /* Debug */,
				F5994D8226A0AE6D00B94F70 /* Release */,
			);
			defaultConfigurationIsVisible = 0;
			defaultConfigurationName = Release;
		};
		F5994D8326A0AE6D00B94F70 /* Build configuration list for PBXNativeTarget "FoFiUITests" */ = {
			isa = XCConfigurationList;
			buildConfigurations = (
				F5994D8426A0AE6D00B94F70 /* Debug */,
				F5994D8526A0AE6D00B94F70 /* Release */,
			);
			defaultConfigurationIsVisible = 0;
			defaultConfigurationName = Release;
		};
/* End XCConfigurationList section */
	};
	rootObject = F5994D5026A0AE6A00B94F70 /* Project object */;
}
